# THIS IS AN AUTOGENERATED FILE. DO NOT EDIT THIS FILE DIRECTLY.
# yarn lockfile v1


minimist@^1.2.6:
  version "1.2.6"
  resolved "https://registry.yarnpkg.com/minimist/-/minimist-1.2.6.tgz#8637a5b759ea0d6e98702cfb3a9283323c93af44"
  integrity sha512-Jsjnk4bw3YJqYzbdyBiNsPWHPfO++UGG749Cxs6peCu5Xg4nrena6OVxOYxrQTqww0Jmwt+Ref8rggumkTLz9Q==

open-term@^2.0.4:
  version "2.0.4"
  resolved "https://registry.yarnpkg.com/open-term/-/open-term-2.0.4.tgz#bdc9837e365e59ed557afe43277b5ceea71e8d3d"
  integrity sha512-7caa8YwFc6yxLEpdhWE8AmxaM8ti5ZkfGSUr/jvn2AflBpyCvaqmYd0Bmdi8UyS2YkQD4v4+7lQJ6TmtXj1MCw==
